{
  "requires": true,
  "lockfileVersion": 1,
  "dependencies": {
    "bootstrap": {
      "version": "4.4.1",
      "resolved": "https://registry.npmjs.org/bootstrap/-/bootstrap-4.4.1.tgz",
      "integrity": "sha512-tbx5cHubwE6e2ZG7nqM3g/FZ5PQEDMWmMGNrCUBVRPHXTJaH7CBDdsLeu3eCh3B1tzAxTnAbtmrzvWEvT2NNEA=="
    },
    "jquery": {
      "version": "3.4.1",
      "resolved": "https://registry.npmjs.org/jquery/-/jquery-3.4.1.tgz",
      "integrity": "sha512-36+AdBzCL+y6qjw5Tx7HgzeGCzC81MDDgaUP8ld2zhx58HdqXGoBd+tHdrBMiyjGQs0Hxs/MLZTu/eHNJJuWPw=="
    },
    "qr-scanner": {
      "version": "1.1.1",
      "resolved": "https://registry.npmjs.org/qr-scanner/-/qr-scanner-1.1.1.tgz",
      "integrity": "sha512-vZmtaIpxx4rqnrg4iX62pQJ12bcIpfTEe/hL4Pr5PwQ/fih8W+ErfAZVFnnrdipeDC6L+5BfzMIqs/s6SYi4WA=="
    },
    "sweetalert2": {
      "version": "9.5.3",
      "resolved": "https://registry.npmjs.org/sweetalert2/-/sweetalert2-9.5.3.tgz",
      "integrity": "sha512-4wzLUCmVby3NPQC8XHp0HRJgTm5tbAO7OOaqabATNe0U6JN/oyBTS7iJJG9V83MpcP6MLDUEWcGO/Y8i6g2jYw=="
    },
    "text-encoding": {
      "version": "0.7.0",
      "resolved": "https://registry.npmjs.org/text-encoding/-/text-encoding-0.7.0.tgz",
      "integrity": "sha512-oJQ3f1hrOnbRLOcwKz0Liq2IcrvDeZRHXhd9RgLrsT+DjWY/nty1Hi7v3dtkaEYbPYe0mUoOfzRrMwfXXwgPUA=="
    },
    "ts-custom-error": {
      "version": "3.1.1",
      "resolved": "https://registry.npmjs.org/ts-custom-error/-/ts-custom-error-3.1.1.tgz",
      "integrity": "sha512-f/syoy+pTE4z82qaiRuthEeZtCGNKzlfs0Zc8jpQFcz/CYMaFSwFSdfFt1sSFnPlDLOEm7RCROdIxZ44N8UlwA=="
    },
    "tslib": {
      "version": "1.10.0",
      "resolved": "https://registry.npmjs.org/tslib/-/tslib-1.10.0.tgz",
      "integrity": "sha512-qOebF53frne81cf0S9B41ByenJ3/IuH8yJKngAX35CmiZySA0khhkovshKK+jGCaMnVomla7gVlIcc3EvKPbTQ=="
    }
  }
}
